
Microsoft Visual Studio Solution File, Format Version 12.00
# Visual Studio 15
VisualStudioVersion = 15.0.28010.2041
MinimumVisualStudioVersion = 10.0.40219.1
Project("{888888A0-9F3D-457C-B088-3A5042F75D52}") = "ExamenTicTaeToe", "ExamenTicTaeToe\ExamenTicTaeToe.pyproj", "{81AAAD40-2327-46BD-8FDB-7F6D994AB629}"
EndProject
Global
	GlobalSection(SolutionConfigurationPlatforms) = preSolution
		Debug|Any CPU = Debug|Any CPU
		Release|Any CPU = Release|Any CPU
	EndGlobalSection
	GlobalSection(ProjectConfigurationPlatforms) = postSolution
		{81AAAD40-2327-46BD-8FDB-7F6D994AB629}.Debug|Any CPU.ActiveCfg = Debug|Any CPU
		{81AAAD40-2327-46BD-8FDB-7F6D994AB629}.Release|Any CPU.ActiveCfg = Release|Any CPU
	EndGlobalSection
	GlobalSection(SolutionProperties) = preSolution
		HideSolutionNode = FALSE
	EndGlobalSection
	GlobalSection(ExtensibilityGlobals) = postSolution
		SolutionGuid = {7C608DA6-12C7-4545-B626-72F5931BC480}
	EndGlobalSection
EndGlobal
