
Microsoft Visual Studio Solution File, Format Version 12.00
# Visual Studio 15
VisualStudioVersion = 15.0.28010.2041
MinimumVisualStudioVersion = 10.0.40219.1
Project("{888888A0-9F3D-457C-B088-3A5042F75D52}") = "TareaTrianguloPascal", "TareaTrianguloPascal\TareaTrianguloPascal.pyproj", "{8E5F67DC-471F-4A8E-ABA8-C54D88FAF80B}"
EndProject
Global
	GlobalSection(SolutionConfigurationPlatforms) = preSolution
		Debug|Any CPU = Debug|Any CPU
		Release|Any CPU = Release|Any CPU
	EndGlobalSection
	GlobalSection(ProjectConfigurationPlatforms) = postSolution
		{8E5F67DC-471F-4A8E-ABA8-C54D88FAF80B}.Debug|Any CPU.ActiveCfg = Debug|Any CPU
		{8E5F67DC-471F-4A8E-ABA8-C54D88FAF80B}.Release|Any CPU.ActiveCfg = Release|Any CPU
	EndGlobalSection
	GlobalSection(SolutionProperties) = preSolution
		HideSolutionNode = FALSE
	EndGlobalSection
	GlobalSection(ExtensibilityGlobals) = postSolution
		SolutionGuid = {9222075D-0D06-4E1E-A172-FA241C8787C4}
	EndGlobalSection
EndGlobal
