
Microsoft Visual Studio Solution File, Format Version 12.00
# Visual Studio 15
VisualStudioVersion = 15.0.28010.2041
MinimumVisualStudioVersion = 10.0.40219.1
Project("{888888A0-9F3D-457C-B088-3A5042F75D52}") = "TareaHangMan", "TareaHangMan\TareaHangMan.pyproj", "{9B5ACBA7-68F9-47D4-BEE8-96550F57A0C2}"
EndProject
Global
	GlobalSection(SolutionConfigurationPlatforms) = preSolution
		Debug|Any CPU = Debug|Any CPU
		Release|Any CPU = Release|Any CPU
	EndGlobalSection
	GlobalSection(ProjectConfigurationPlatforms) = postSolution
		{9B5ACBA7-68F9-47D4-BEE8-96550F57A0C2}.Debug|Any CPU.ActiveCfg = Debug|Any CPU
		{9B5ACBA7-68F9-47D4-BEE8-96550F57A0C2}.Release|Any CPU.ActiveCfg = Release|Any CPU
	EndGlobalSection
	GlobalSection(SolutionProperties) = preSolution
		HideSolutionNode = FALSE
	EndGlobalSection
	GlobalSection(ExtensibilityGlobals) = postSolution
		SolutionGuid = {F6A019F6-C614-4F4F-B9D1-C86E8B759323}
	EndGlobalSection
EndGlobal
